
Microsoft Visual Studio Solution File, Format Version 12.00
# Visual Studio Version 16
VisualStudioVersion = 16.0.30309.148
MinimumVisualStudioVersion = 10.0.40219.1
Project("{9A19103F-16F7-4668-BE54-9A1E7A4F7556}") = "Client.Microservice", "Client.Microservice\Client.Microservice.csproj", "{59C08C5B-F027-424A-A471-740656155C3A}"
EndProject
Project("{2150E333-8FDC-42A3-9474-1A3956D46DE8}") = "Solution Items", "Solution Items", "{2B4D337C-1309-4568-A699-5DEC4436278F}"
	ProjectSection(SolutionItems) = preProject
		..\.gitignore = ..\.gitignore
		..\README.md = ..\README.md
	EndProjectSection
EndProject
Project("{FAE04EC0-301F-11D3-BF4B-00C04F79EFBC}") = "Client.Service", "Client.Service\Client.Service.csproj", "{C1E11F26-ACD8-461D-A403-653D324B9064}"
EndProject
Project("{FAE04EC0-301F-11D3-BF4B-00C04F79EFBC}") = "Client.Model", "Client.Model\Client.Model.csproj", "{EB7AE9FB-BE3E-4B66-9EA8-069EED0011B0}"
EndProject
Project("{FAE04EC0-301F-11D3-BF4B-00C04F79EFBC}") = "Client.Data", "Client.Data\Client.Data.csproj", "{9F1AA2EF-8705-407B-AB4E-C6C7C6BF1852}"
EndProject
Global
	GlobalSection(SolutionConfigurationPlatforms) = preSolution
		Debug|Any CPU = Debug|Any CPU
		Release|Any CPU = Release|Any CPU
	EndGlobalSection
	GlobalSection(ProjectConfigurationPlatforms) = postSolution
		{59C08C5B-F027-424A-A471-740656155C3A}.Debug|Any CPU.ActiveCfg = Debug|Any CPU
		{59C08C5B-F027-424A-A471-740656155C3A}.Debug|Any CPU.Build.0 = Debug|Any CPU
		{59C08C5B-F027-424A-A471-740656155C3A}.Release|Any CPU.ActiveCfg = Release|Any CPU
		{59C08C5B-F027-424A-A471-740656155C3A}.Release|Any CPU.Build.0 = Release|Any CPU
		{C1E11F26-ACD8-461D-A403-653D324B9064}.Debug|Any CPU.ActiveCfg = Debug|Any CPU
		{C1E11F26-ACD8-461D-A403-653D324B9064}.Debug|Any CPU.Build.0 = Debug|Any CPU
		{C1E11F26-ACD8-461D-A403-653D324B9064}.Release|Any CPU.ActiveCfg = Release|Any CPU
		{C1E11F26-ACD8-461D-A403-653D324B9064}.Release|Any CPU.Build.0 = Release|Any CPU
		{EB7AE9FB-BE3E-4B66-9EA8-069EED0011B0}.Debug|Any CPU.ActiveCfg = Debug|Any CPU
		{EB7AE9FB-BE3E-4B66-9EA8-069EED0011B0}.Debug|Any CPU.Build.0 = Debug|Any CPU
		{EB7AE9FB-BE3E-4B66-9EA8-069EED0011B0}.Release|Any CPU.ActiveCfg = Release|Any CPU
		{EB7AE9FB-BE3E-4B66-9EA8-069EED0011B0}.Release|Any CPU.Build.0 = Release|Any CPU
		{9F1AA2EF-8705-407B-AB4E-C6C7C6BF1852}.Debug|Any CPU.ActiveCfg = Debug|Any CPU
		{9F1AA2EF-8705-407B-AB4E-C6C7C6BF1852}.Debug|Any CPU.Build.0 = Debug|Any CPU
		{9F1AA2EF-8705-407B-AB4E-C6C7C6BF1852}.Release|Any CPU.ActiveCfg = Release|Any CPU
		{9F1AA2EF-8705-407B-AB4E-C6C7C6BF1852}.Release|Any CPU.Build.0 = Release|Any CPU
	EndGlobalSection
	GlobalSection(SolutionProperties) = preSolution
		HideSolutionNode = FALSE
	EndGlobalSection
	GlobalSection(ExtensibilityGlobals) = postSolution
		SolutionGuid = {6F453FB6-8C41-4FC6-8A5E-8A51C0341941}
	EndGlobalSection
EndGlobal
